
Microsoft Visual Studio Solution File, Format Version 12.00
# Visual Studio Version 16
VisualStudioVersion = 16.0.30114.105
MinimumVisualStudioVersion = 10.0.40219.1
Project("{FAE04EC0-301F-11D3-BF4B-00C04F79EFBC}") = "webgame", "webgame\webgame.csproj", "{2E0A45BD-2A0C-47EF-80B3-DBF131A6CD8E}"
EndProject
Global
	GlobalSection(SolutionConfigurationPlatforms) = preSolution
		Debug|Any CPU = Debug|Any CPU
		Release|Any CPU = Release|Any CPU
	EndGlobalSection
	GlobalSection(ProjectConfigurationPlatforms) = postSolution
		{2E0A45BD-2A0C-47EF-80B3-DBF131A6CD8E}.Debug|Any CPU.ActiveCfg = Debug|Any CPU
		{2E0A45BD-2A0C-47EF-80B3-DBF131A6CD8E}.Debug|Any CPU.Build.0 = Debug|Any CPU
		{2E0A45BD-2A0C-47EF-80B3-DBF131A6CD8E}.Release|Any CPU.ActiveCfg = Release|Any CPU
		{2E0A45BD-2A0C-47EF-80B3-DBF131A6CD8E}.Release|Any CPU.Build.0 = Release|Any CPU
	EndGlobalSection
	GlobalSection(SolutionProperties) = preSolution
		HideSolutionNode = FALSE
	EndGlobalSection
	GlobalSection(ExtensibilityGlobals) = postSolution
		SolutionGuid = {15399EBD-32AB-4A49-ACE7-3B4FCC19BE7C}
	EndGlobalSection
EndGlobal
